{
  "object": {
    "pins": [
      {
        "package": "SwiftUICharts",
        "repositoryURL": "https://github.com/AppPear/ChartView.git",
        "state": {
          "branch": null,
          "revision": "9115a992c91fa19cbb4f2241084240d38654a1fc",
          "version": "1.5.5"
        }
      },
      {
        "package": "Lottie",
        "repositoryURL": "https://github.com/airbnb/lottie-ios.git",
        "state": {
          "branch": null,
          "revision": "79a0b70547f7c40ea54c67487f935fa2f2eaaadc",
          "version": "3.2.3"
        }
      },
      {
        "package": "QuickComponents",
        "repositoryURL": "https://github.com/LucasCarioca/QuickComponents.git",
        "state": {
          "branch": null,
          "revision": "e6e4e4544de96b1e89e71d90ae4db12f3faa0b90",
          "version": "0.7.3"
        }
      },
      {
        "package": "ToastUI",
        "repositoryURL": "https://github.com/quanshousio/ToastUI.git",
        "state": {
          "branch": null,
          "revision": "6fd9e8f4ea92e45155e5530f3762d0f394831c87",
          "version": "1.3.2"
        }
      }
    ]
  },
  "version": 1
}
