{
  "object": {
    "pins": [
      {
        "package": "SwiftUICharts",
        "repositoryURL": "https://github.com/AppPear/ChartView.git",
        "state": {
          "branch": null,
          "revision": "c12c773af0b18be3abc30a5e39fc8370a6498502",
          "version": "1.5.0"
        }
      },
      {
        "package": "QuickComponents",
        "repositoryURL": "https://github.com/LucasCarioca/QuickComponents.git",
        "state": {
          "branch": null,
          "revision": "2900eb8b2939243c5adf646d1f2c55d69d5dd858",
          "version": "0.3.1"
        }
      }
    ]
  },
  "version": 1
}
